// !$*UTF8*$!
{
	archiveVersion = 1;
	classes = {
	};
	objectVersion = 56;
	objects = {

/* Begin PBXBuildFile section */
		691D10932AD0A332009EF768 /* AppDelegate.swift in Sources */ = {isa = PBXBuildFile; fileRef = 691D10922AD0A332009EF768 /* AppDelegate.swift */; };
		691D10952AD0A332009EF768 /* SceneDelegate.swift in Sources */ = {isa = PBXBuildFile; fileRef = 691D10942AD0A332009EF768 /* SceneDelegate.swift */; };
		691D10972AD0A332009EF768 /* HomeViewController.swift in Sources */ = {isa = PBXBuildFile; fileRef = 691D10962AD0A332009EF768 /* HomeViewController.swift */; };
		691D109A2AD0A332009EF768 /* Main.storyboard in Resources */ = {isa = PBXBuildFile; fileRef = 691D10982AD0A332009EF768 /* Main.storyboard */; };
		691D109D2AD0A332009EF768 /* PokemonDemoApp.xcdatamodeld in Sources */ = {isa = PBXBuildFile; fileRef = 691D109B2AD0A332009EF768 /* PokemonDemoApp.xcdatamodeld */; };
		691D109F2AD0A334009EF768 /* Assets.xcassets in Resources */ = {isa = PBXBuildFile; fileRef = 691D109E2AD0A334009EF768 /* Assets.xcassets */; };
		691D10A22AD0A334009EF768 /* LaunchScreen.storyboard in Resources */ = {isa = PBXBuildFile; fileRef = 691D10A02AD0A334009EF768 /* LaunchScreen.storyboard */; };
		691D10AE2AD0A3E8009EF768 /* PokemonModel.swift in Sources */ = {isa = PBXBuildFile; fileRef = 691D10AD2AD0A3E8009EF768 /* PokemonModel.swift */; };
		691D10B22AD0A524009EF768 /* PokemonDetailsViewController.swift in Sources */ = {isa = PBXBuildFile; fileRef = 691D10B12AD0A524009EF768 /* PokemonDetailsViewController.swift */; };
		691D10B42AD0A7BD009EF768 /* APIConnection.swift in Sources */ = {isa = PBXBuildFile; fileRef = 691D10B32AD0A7BD009EF768 /* APIConnection.swift */; };
		691D10B62AD0A900009EF768 /* Pokemons.swift in Sources */ = {isa = PBXBuildFile; fileRef = 691D10B52AD0A900009EF768 /* Pokemons.swift */; };
		693BD28B2AD0AAEC00A85C50 /* PokenViewModel.swift in Sources */ = {isa = PBXBuildFile; fileRef = 693BD28A2AD0AAEC00A85C50 /* PokenViewModel.swift */; };
/* End PBXBuildFile section */

/* Begin PBXFileReference section */
		691D108F2AD0A332009EF768 /* PokemonDemoApp.app */ = {isa = PBXFileReference; explicitFileType = wrapper.application; includeInIndex = 0; path = PokemonDemoApp.app; sourceTree = BUILT_PRODUCTS_DIR; };
		691D10922AD0A332009EF768 /* AppDelegate.swift */ = {isa = PBXFileReference; lastKnownFileType = sourcecode.swift; path = AppDelegate.swift; sourceTree = "<group>"; };
		691D10942AD0A332009EF768 /* SceneDelegate.swift */ = {isa = PBXFileReference; lastKnownFileType = sourcecode.swift; path = SceneDelegate.swift; sourceTree = "<group>"; };
		691D10962AD0A332009EF768 /* HomeViewController.swift */ = {isa = PBXFileReference; lastKnownFileType = sourcecode.swift; path = HomeViewController.swift; sourceTree = "<group>"; };
		691D10992AD0A332009EF768 /* Base */ = {isa = PBXFileReference; lastKnownFileType = file.storyboard; name = Base; path = Base.lproj/Main.storyboard; sourceTree = "<group>"; };
		691D109C2AD0A332009EF768 /* PokemonDemoApp.xcdatamodel */ = {isa = PBXFileReference; lastKnownFileType = wrapper.xcdatamodel; path = PokemonDemoApp.xcdatamodel; sourceTree = "<group>"; };
		691D109E2AD0A334009EF768 /* Assets.xcassets */ = {isa = PBXFileReference; lastKnownFileType = folder.assetcatalog; path = Assets.xcassets; sourceTree = "<group>"; };
		691D10A12AD0A334009EF768 /* Base */ = {isa = PBXFileReference; lastKnownFileType = file.storyboard; name = Base; path = Base.lproj/LaunchScreen.storyboard; sourceTree = "<group>"; };
		691D10A32AD0A334009EF768 /* Info.plist */ = {isa = PBXFileReference; lastKnownFileType = text.plist.xml; path = Info.plist; sourceTree = "<group>"; };
		691D10AD2AD0A3E8009EF768 /* PokemonModel.swift */ = {isa = PBXFileReference; lastKnownFileType = sourcecode.swift; path = PokemonModel.swift; sourceTree = "<group>"; };
		691D10B12AD0A524009EF768 /* PokemonDetailsViewController.swift */ = {isa = PBXFileReference; lastKnownFileType = sourcecode.swift; path = PokemonDetailsViewController.swift; sourceTree = "<group>"; };
		691D10B32AD0A7BD009EF768 /* APIConnection.swift */ = {isa = PBXFileReference; lastKnownFileType = sourcecode.swift; path = APIConnection.swift; sourceTree = "<group>"; };
		691D10B52AD0A900009EF768 /* Pokemons.swift */ = {isa = PBXFileReference; lastKnownFileType = sourcecode.swift; path = Pokemons.swift; sourceTree = "<group>"; };
		693BD28A2AD0AAEC00A85C50 /* PokenViewModel.swift */ = {isa = PBXFileReference; lastKnownFileType = sourcecode.swift; path = PokenViewModel.swift; sourceTree = "<group>"; };
/* End PBXFileReference section */

/* Begin PBXFrameworksBuildPhase section */
		691D108C2AD0A331009EF768 /* Frameworks */ = {
			isa = PBXFrameworksBuildPhase;
			buildActionMask = 2147483647;
			files = (
			);
			runOnlyForDeploymentPostprocessing = 0;
		};
/* End PBXFrameworksBuildPhase section */

/* Begin PBXGroup section */
		691D10862AD0A331009EF768 = {
			isa = PBXGroup;
			children = (
				691D10912AD0A332009EF768 /* PokemonDemoApp */,
				691D10902AD0A332009EF768 /* Products */,
			);
			sourceTree = "<group>";
		};
		691D10902AD0A332009EF768 /* Products */ = {
			isa = PBXGroup;
			children = (
				691D108F2AD0A332009EF768 /* PokemonDemoApp.app */,
			);
			name = Products;
			sourceTree = "<group>";
		};
		691D10912AD0A332009EF768 /* PokemonDemoApp */ = {
			isa = PBXGroup;
			children = (
				691D10AC2AD0A34C009EF768 /* Helpers */,
				691D10AB2AD0A347009EF768 /* ViewModel */,
				691D10AA2AD0A342009EF768 /* View */,
				691D10A92AD0A33E009EF768 /* Model */,
				691D10922AD0A332009EF768 /* AppDelegate.swift */,
				691D10942AD0A332009EF768 /* SceneDelegate.swift */,
				691D10982AD0A332009EF768 /* Main.storyboard */,
				691D109E2AD0A334009EF768 /* Assets.xcassets */,
				691D10A02AD0A334009EF768 /* LaunchScreen.storyboard */,
				691D10A32AD0A334009EF768 /* Info.plist */,
				691D109B2AD0A332009EF768 /* PokemonDemoApp.xcdatamodeld */,
			);
			path = PokemonDemoApp;
			sourceTree = "<group>";
		};
		691D10A92AD0A33E009EF768 /* Model */ = {
			isa = PBXGroup;
			children = (
				691D10AD2AD0A3E8009EF768 /* PokemonModel.swift */,
				691D10B52AD0A900009EF768 /* Pokemons.swift */,
			);
			path = Model;
			sourceTree = "<group>";
		};
		691D10AA2AD0A342009EF768 /* View */ = {
			isa = PBXGroup;
			children = (
				691D10962AD0A332009EF768 /* HomeViewController.swift */,
				691D10B12AD0A524009EF768 /* PokemonDetailsViewController.swift */,
			);
			path = View;
			sourceTree = "<group>";
		};
		691D10AB2AD0A347009EF768 /* ViewModel */ = {
			isa = PBXGroup;
			children = (
				693BD28A2AD0AAEC00A85C50 /* PokenViewModel.swift */,
			);
			path = ViewModel;
			sourceTree = "<group>";
		};
		691D10AC2AD0A34C009EF768 /* Helpers */ = {
			isa = PBXGroup;
			children = (
				691D10B32AD0A7BD009EF768 /* APIConnection.swift */,
			);
			path = Helpers;
			sourceTree = "<group>";
		};
/* End PBXGroup section */

/* Begin PBXNativeTarget section */
		691D108E2AD0A331009EF768 /* PokemonDemoApp */ = {
			isa = PBXNativeTarget;
			buildConfigurationList = 691D10A62AD0A334009EF768 /* Build configuration list for PBXNativeTarget "PokemonDemoApp" */;
			buildPhases = (
				691D108B2AD0A331009EF768 /* Sources */,
				691D108C2AD0A331009EF768 /* Frameworks */,
				691D108D2AD0A331009EF768 /* Resources */,
			);
			buildRules = (
			);
			dependencies = (
			);
			name = PokemonDemoApp;
			productName = PokemonDemoApp;
			productReference = 691D108F2AD0A332009EF768 /* PokemonDemoApp.app */;
			productType = "com.apple.product-type.application";
		};
/* End PBXNativeTarget section */

/* Begin PBXProject section */
		691D10872AD0A331009EF768 /* Project object */ = {
			isa = PBXProject;
			attributes = {
				BuildIndependentTargetsInParallel = 1;
				LastSwiftUpdateCheck = 1500;
				LastUpgradeCheck = 1500;
				TargetAttributes = {
					691D108E2AD0A331009EF768 = {
						CreatedOnToolsVersion = 15.0;
					};
				};
			};
			buildConfigurationList = 691D108A2AD0A331009EF768 /* Build configuration list for PBXProject "PokemonDemoApp" */;
			compatibilityVersion = "Xcode 14.0";
			developmentRegion = en;
			hasScannedForEncodings = 0;
			knownRegions = (
				en,
				Base,
			);
			mainGroup = 691D10862AD0A331009EF768;
			productRefGroup = 691D10902AD0A332009EF768 /* Products */;
			projectDirPath = "";
			projectRoot = "";
			targets = (
				691D108E2AD0A331009EF768 /* PokemonDemoApp */,
			);
		};
/* End PBXProject section */

/* Begin PBXResourcesBuildPhase section */
		691D108D2AD0A331009EF768 /* Resources */ = {
			isa = PBXResourcesBuildPhase;
			buildActionMask = 2147483647;
			files = (
				691D10A22AD0A334009EF768 /* LaunchScreen.storyboard in Resources */,
				691D109F2AD0A334009EF768 /* Assets.xcassets in Resources */,
				691D109A2AD0A332009EF768 /* Main.storyboard in Resources */,
			);
			runOnlyForDeploymentPostprocessing = 0;
		};
/* End PBXResourcesBuildPhase section */

/* Begin PBXSourcesBuildPhase section */
		691D108B2AD0A331009EF768 /* Sources */ = {
			isa = PBXSourcesBuildPhase;
			buildActionMask = 2147483647;
			files = (
				691D10972AD0A332009EF768 /* HomeViewController.swift in Sources */,
				691D10932AD0A332009EF768 /* AppDelegate.swift in Sources */,
				691D109D2AD0A332009EF768 /* PokemonDemoApp.xcdatamodeld in Sources */,
				691D10AE2AD0A3E8009EF768 /* PokemonModel.swift in Sources */,
				691D10952AD0A332009EF768 /* SceneDelegate.swift in Sources */,
				693BD28B2AD0AAEC00A85C50 /* PokenViewModel.swift in Sources */,
				691D10B62AD0A900009EF768 /* Pokemons.swift in Sources */,
				691D10B42AD0A7BD009EF768 /* APIConnection.swift in Sources */,
				691D10B22AD0A524009EF768 /* PokemonDetailsViewController.swift in Sources */,
			);
			runOnlyForDeploymentPostprocessing = 0;
		};
/* End PBXSourcesBuildPhase section */

/* Begin PBXVariantGroup section */
		691D10982AD0A332009EF768 /* Main.storyboard */ = {
			isa = PBXVariantGroup;
			children = (
				691D10992AD0A332009EF768 /* Base */,
			);
			name = Main.storyboard;
			sourceTree = "<group>";
		};
		691D10A02AD0A334009EF768 /* LaunchScreen.storyboard */ = {
			isa = PBXVariantGroup;
			children = (
				691D10A12AD0A334009EF768 /* Base */,
			);
			name = LaunchScreen.storyboard;
			sourceTree = "<group>";
		};
/* End PBXVariantGroup section */

/* Begin XCBuildConfiguration section */
		691D10A42AD0A334009EF768 /* Debug */ = {
			isa = XCBuildConfiguration;
			buildSettings = {
				ALWAYS_SEARCH_USER_PATHS = NO;
				ASSETCATALOG_COMPILER_GENERATE_SWIFT_ASSET_SYMBOL_EXTENSIONS = YES;
				CLANG_ANALYZER_NONNULL = YES;
				CLANG_ANALYZER_NUMBER_OBJECT_CONVERSION = YES_AGGRESSIVE;
				CLANG_CXX_LANGUAGE_STANDARD = "gnu++20";
				CLANG_ENABLE_MODULES = YES;
				CLANG_ENABLE_OBJC_ARC = YES;
				CLANG_ENABLE_OBJC_WEAK = YES;
				CLANG_WARN_BLOCK_CAPTURE_AUTORELEASING = YES;
				CLANG_WARN_BOOL_CONVERSION = YES;
				CLANG_WARN_COMMA = YES;
				CLANG_WARN_CONSTANT_CONVERSION = YES;
				CLANG_WARN_DEPRECATED_OBJC_IMPLEMENTATIONS = YES;
				CLANG_WARN_DIRECT_OBJC_ISA_USAGE = YES_ERROR;
				CLANG_WARN_DOCUMENTATION_COMMENTS = YES;
				CLANG_WARN_EMPTY_BODY = YES;
				CLANG_WARN_ENUM_CONVERSION = YES;
				CLANG_WARN_INFINITE_RECURSION = YES;
				CLANG_WARN_INT_CONVERSION = YES;
				CLANG_WARN_NON_LITERAL_NULL_CONVERSION = YES;
				CLANG_WARN_OBJC_IMPLICIT_RETAIN_SELF = YES;
				CLANG_WARN_OBJC_LITERAL_CONVERSION = YES;
				CLANG_WARN_OBJC_ROOT_CLASS = YES_ERROR;
				CLANG_WARN_QUOTED_INCLUDE_IN_FRAMEWORK_HEADER = YES;
				CLANG_WARN_RANGE_LOOP_ANALYSIS = YES;
				CLANG_WARN_STRICT_PROTOTYPES = YES;
				CLANG_WARN_SUSPICIOUS_MOVE = YES;
				CLANG_WARN_UNGUARDED_AVAILABILITY = YES_AGGRESSIVE;
				CLANG_WARN_UNREACHABLE_CODE = YES;
				CLANG_WARN__DUPLICATE_METHOD_MATCH = YES;
				COPY_PHASE_STRIP = NO;
				DEBUG_INFORMATION_FORMAT = dwarf;
				ENABLE_STRICT_OBJC_MSGSEND = YES;
				ENABLE_TESTABILITY = YES;
				ENABLE_USER_SCRIPT_SANDBOXING = YES;
				GCC_C_LANGUAGE_STANDARD = gnu17;
				GCC_DYNAMIC_NO_PIC = NO;
				GCC_NO_COMMON_BLOCKS = YES;
				GCC_OPTIMIZATION_LEVEL = 0;
				GCC_PREPROCESSOR_DEFINITIONS = (
					"DEBUG=1",
					"$(inherited)",
				);
				GCC_WARN_64_TO_32_BIT_CONVERSION = YES;
				GCC_WARN_ABOUT_RETURN_TYPE = YES_ERROR;
				GCC_WARN_UNDECLARED_SELECTOR = YES;
				GCC_WARN_UNINITIALIZED_AUTOS = YES_AGGRESSIVE;
				GCC_WARN_UNUSED_FUNCTION = YES;
				GCC_WARN_UNUSED_VARIABLE = YES;
				IPHONEOS_DEPLOYMENT_TARGET = 17.0;
				LOCALIZATION_PREFERS_STRING_CATALOGS = YES;
				MTL_ENABLE_DEBUG_INFO = INCLUDE_SOURCE;
				MTL_FAST_MATH = YES;
				ONLY_ACTIVE_ARCH = YES;
				SDKROOT = iphoneos;
				SWIFT_ACTIVE_COMPILATION_CONDITIONS = "DEBUG $(inherited)";
				SWIFT_OPTIMIZATION_LEVEL = "-Onone";
			};
			name = Debug;
		};
		691D10A52AD0A334009EF768 /* Release */ = {
			isa = XCBuildConfiguration;
			buildSettings = {
				ALWAYS_SEARCH_USER_PATHS = NO;
				ASSETCATALOG_COMPILER_GENERATE_SWIFT_ASSET_SYMBOL_EXTENSIONS = YES;
				CLANG_ANALYZER_NONNULL = YES;
				CLANG_ANALYZER_NUMBER_OBJECT_CONVERSION = YES_AGGRESSIVE;
				CLANG_CXX_LANGUAGE_STANDARD = "gnu++20";
				CLANG_ENABLE_MODULES = YES;
				CLANG_ENABLE_OBJC_ARC = YES;
				CLANG_ENABLE_OBJC_WEAK = YES;
				CLANG_WARN_BLOCK_CAPTURE_AUTORELEASING = YES;
				CLANG_WARN_BOOL_CONVERSION = YES;
				CLANG_WARN_COMMA = YES;
				CLANG_WARN_CONSTANT_CONVERSION = YES;
				CLANG_WARN_DEPRECATED_OBJC_IMPLEMENTATIONS = YES;
				CLANG_WARN_DIRECT_OBJC_ISA_USAGE = YES_ERROR;
				CLANG_WARN_DOCUMENTATION_COMMENTS = YES;
				CLANG_WARN_EMPTY_BODY = YES;
				CLANG_WARN_ENUM_CONVERSION = YES;
				CLANG_WARN_INFINITE_RECURSION = YES;
				CLANG_WARN_INT_CONVERSION = YES;
				CLANG_WARN_NON_LITERAL_NULL_CONVERSION = YES;
				CLANG_WARN_OBJC_IMPLICIT_RETAIN_SELF = YES;
				CLANG_WARN_OBJC_LITERAL_CONVERSION = YES;
				CLANG_WARN_OBJC_ROOT_CLASS = YES_ERROR;
				CLANG_WARN_QUOTED_INCLUDE_IN_FRAMEWORK_HEADER = YES;
				CLANG_WARN_RANGE_LOOP_ANALYSIS = YES;
				CLANG_WARN_STRICT_PROTOTYPES = YES;
				CLANG_WARN_SUSPICIOUS_MOVE = YES;
				CLANG_WARN_UNGUARDED_AVAILABILITY = YES_AGGRESSIVE;
				CLANG_WARN_UNREACHABLE_CODE = YES;
				CLANG_WARN__DUPLICATE_METHOD_MATCH = YES;
				COPY_PHASE_STRIP = NO;
				DEBUG_INFORMATION_FORMAT = "dwarf-with-dsym";
				ENABLE_NS_ASSERTIONS = NO;
				ENABLE_STRICT_OBJC_MSGSEND = YES;
				ENABLE_USER_SCRIPT_SANDBOXING = YES;
				GCC_C_LANGUAGE_STANDARD = gnu17;
				GCC_NO_COMMON_BLOCKS = YES;
				GCC_WARN_64_TO_32_BIT_CONVERSION = YES;
				GCC_WARN_ABOUT_RETURN_TYPE = YES_ERROR;
				GCC_WARN_UNDECLARED_SELECTOR = YES;
				GCC_WARN_UNINITIALIZED_AUTOS = YES_AGGRESSIVE;
				GCC_WARN_UNUSED_FUNCTION = YES;
				GCC_WARN_UNUSED_VARIABLE = YES;
				IPHONEOS_DEPLOYMENT_TARGET = 17.0;
				LOCALIZATION_PREFERS_STRING_CATALOGS = YES;
				MTL_ENABLE_DEBUG_INFO = NO;
				MTL_FAST_MATH = YES;
				SDKROOT = iphoneos;
				SWIFT_COMPILATION_MODE = wholemodule;
				VALIDATE_PRODUCT = YES;
			};
			name = Release;
		};
		691D10A72AD0A334009EF768 /* Debug */ = {
			isa = XCBuildConfiguration;
			buildSettings = {
				ASSETCATALOG_COMPILER_APPICON_NAME = AppIcon;
				ASSETCATALOG_COMPILER_GLOBAL_ACCENT_COLOR_NAME = AccentColor;
				CODE_SIGN_STYLE = Automatic;
				CURRENT_PROJECT_VERSION = 1;
				GENERATE_INFOPLIST_FILE = YES;
				INFOPLIST_FILE = PokemonDemoApp/Info.plist;
				INFOPLIST_KEY_UIApplicationSupportsIndirectInputEvents = YES;
				INFOPLIST_KEY_UILaunchStoryboardName = LaunchScreen;
				INFOPLIST_KEY_UIMainStoryboardFile = Main;
				INFOPLIST_KEY_UISupportedInterfaceOrientations = UIInterfaceOrientationPortrait;
				INFOPLIST_KEY_UISupportedInterfaceOrientations_iPad = "UIInterfaceOrientationLandscapeLeft UIInterfaceOrientationLandscapeRight UIInterfaceOrientationPortrait UIInterfaceOrientationPortraitUpsideDown";
				IPHONEOS_DEPLOYMENT_TARGET = 13.5;
				LD_RUNPATH_SEARCH_PATHS = (
					"$(inherited)",
					"@executable_path/Frameworks",
				);
				MARKETING_VERSION = 1.0;
				PRODUCT_BUNDLE_IDENTIFIER = com.khan.PokemonDemoApp;
				PRODUCT_NAME = "$(TARGET_NAME)";
				SUPPORTED_PLATFORMS = "iphoneos iphonesimulator";
				SUPPORTS_MACCATALYST = NO;
				SUPPORTS_MAC_DESIGNED_FOR_IPHONE_IPAD = NO;
				SWIFT_EMIT_LOC_STRINGS = YES;
				SWIFT_VERSION = 5.0;
				TARGETED_DEVICE_FAMILY = 1;
			};
			name = Debug;
		};
		691D10A82AD0A334009EF768 /* Release */ = {
			isa = XCBuildConfiguration;
			buildSettings = {
				ASSETCATALOG_COMPILER_APPICON_NAME = AppIcon;
				ASSETCATALOG_COMPILER_GLOBAL_ACCENT_COLOR_NAME = AccentColor;
				CODE_SIGN_STYLE = Automatic;
				CURRENT_PROJECT_VERSION = 1;
				GENERATE_INFOPLIST_FILE = YES;
				INFOPLIST_FILE = PokemonDemoApp/Info.plist;
				INFOPLIST_KEY_UIApplicationSupportsIndirectInputEvents = YES;
				INFOPLIST_KEY_UILaunchStoryboardName = LaunchScreen;
				INFOPLIST_KEY_UIMainStoryboardFile = Main;
				INFOPLIST_KEY_UISupportedInterfaceOrientations = UIInterfaceOrientationPortrait;
				INFOPLIST_KEY_UISupportedInterfaceOrientations_iPad = "UIInterfaceOrientationLandscapeLeft UIInterfaceOrientationLandscapeRight UIInterfaceOrientationPortrait UIInterfaceOrientationPortraitUpsideDown";
				IPHONEOS_DEPLOYMENT_TARGET = 13.5;
				LD_RUNPATH_SEARCH_PATHS = (
					"$(inherited)",
					"@executable_path/Frameworks",
				);
				MARKETING_VERSION = 1.0;
				PRODUCT_BUNDLE_IDENTIFIER = com.khan.PokemonDemoApp;
				PRODUCT_NAME = "$(TARGET_NAME)";
				SUPPORTED_PLATFORMS = "iphoneos iphonesimulator";
				SUPPORTS_MACCATALYST = NO;
				SUPPORTS_MAC_DESIGNED_FOR_IPHONE_IPAD = NO;
				SWIFT_EMIT_LOC_STRINGS = YES;
				SWIFT_VERSION = 5.0;
				TARGETED_DEVICE_FAMILY = 1;
			};
			name = Release;
		};
/* End XCBuildConfiguration section */

/* Begin XCConfigurationList section */
		691D108A2AD0A331009EF768 /* Build configuration list for PBXProject "PokemonDemoApp" */ = {
			isa = XCConfigurationList;
			buildConfigurations = (
				691D10A42AD0A334009EF768 /* Debug */,
				691D10A52AD0A334009EF768 /* Release */,
			);
			defaultConfigurationIsVisible = 0;
			defaultConfigurationName = Release;
		};
		691D10A62AD0A334009EF768 /* Build configuration list for PBXNativeTarget "PokemonDemoApp" */ = {
			isa = XCConfigurationList;
			buildConfigurations = (
				691D10A72AD0A334009EF768 /* Debug */,
				691D10A82AD0A334009EF768 /* Release */,
			);
			defaultConfigurationIsVisible = 0;
			defaultConfigurationName = Release;
		};
/* End XCConfigurationList section */

/* Begin XCVersionGroup section */
		691D109B2AD0A332009EF768 /* PokemonDemoApp.xcdatamodeld */ = {
			isa = XCVersionGroup;
			children = (
				691D109C2AD0A332009EF768 /* PokemonDemoApp.xcdatamodel */,
			);
			currentVersion = 691D109C2AD0A332009EF768 /* PokemonDemoApp.xcdatamodel */;
			path = PokemonDemoApp.xcdatamodeld;
			sourceTree = "<group>";
			versionGroupType = wrapper.xcdatamodel;
		};
/* End XCVersionGroup section */
	};
	rootObject = 691D10872AD0A331009EF768 /* Project object */;
}
